
Microsoft Visual Studio Solution File, Format Version 12.00
# Visual Studio Version 17
VisualStudioVersion = 17.14.36414.22 d17.14
MinimumVisualStudioVersion = 10.0.40219.1
Project("{FAE04EC0-301F-11D3-BF4B-00C04F79EFBC}") = "analizator", "analizator\analizator.csproj", "{2941FBEB-C4C9-4FDF-BF2D-9CEA7F88ECD2}"
EndProject
Global
	GlobalSection(SolutionConfigurationPlatforms) = preSolution
		Debug|Any CPU = Debug|Any CPU
		Release|Any CPU = Release|Any CPU
	EndGlobalSection
	GlobalSection(ProjectConfigurationPlatforms) = postSolution
		{2941FBEB-C4C9-4FDF-BF2D-9CEA7F88ECD2}.Debug|Any CPU.ActiveCfg = Debug|Any CPU
		{2941FBEB-C4C9-4FDF-BF2D-9CEA7F88ECD2}.Debug|Any CPU.Build.0 = Debug|Any CPU
		{2941FBEB-C4C9-4FDF-BF2D-9CEA7F88ECD2}.Release|Any CPU.ActiveCfg = Release|Any CPU
		{2941FBEB-C4C9-4FDF-BF2D-9CEA7F88ECD2}.Release|Any CPU.Build.0 = Release|Any CPU
	EndGlobalSection
	GlobalSection(SolutionProperties) = preSolution
		HideSolutionNode = FALSE
	EndGlobalSection
	GlobalSection(ExtensibilityGlobals) = postSolution
		SolutionGuid = {FF8FEC77-09C4-4725-9145-8DF08795A4E2}
	EndGlobalSection
EndGlobal
